
Microsoft Visual Studio Solution File, Format Version 12.00
# Visual Studio Version 16
VisualStudioVersion = 16.0.29613.14
MinimumVisualStudioVersion = 10.0.40219.1
Project("{FAE04EC0-301F-11D3-BF4B-00C04F79EFBC}") = "DuckProblem", "DuckProblem.csproj", "{FCF72724-1B59-4B39-9909-C7D806D5949E}"
EndProject
Global
	GlobalSection(SolutionConfigurationPlatforms) = preSolution
		Debug|Any CPU = Debug|Any CPU
		Release|Any CPU = Release|Any CPU
	EndGlobalSection
	GlobalSection(ProjectConfigurationPlatforms) = postSolution
		{FCF72724-1B59-4B39-9909-C7D806D5949E}.Debug|Any CPU.ActiveCfg = Debug|Any CPU
		{FCF72724-1B59-4B39-9909-C7D806D5949E}.Debug|Any CPU.Build.0 = Debug|Any CPU
		{FCF72724-1B59-4B39-9909-C7D806D5949E}.Release|Any CPU.ActiveCfg = Release|Any CPU
		{FCF72724-1B59-4B39-9909-C7D806D5949E}.Release|Any CPU.Build.0 = Release|Any CPU
	EndGlobalSection
	GlobalSection(SolutionProperties) = preSolution
		HideSolutionNode = FALSE
	EndGlobalSection
	GlobalSection(ExtensibilityGlobals) = postSolution
		SolutionGuid = {3A56B017-C271-4464-833E-9ABEE784501F}
	EndGlobalSection
EndGlobal
